
Microsoft Visual Studio Solution File, Format Version 12.00
# Visual Studio Version 16
VisualStudioVersion = 16.0.32802.440
MinimumVisualStudioVersion = 10.0.40219.1
Project("{FAE04EC0-301F-11D3-BF4B-00C04F79EFBC}") = "9647-seminar4-to-my-laptop", "9647-seminar4-to-my-laptop\9647-seminar4-to-my-laptop.csproj", "{1D4B3A9E-2651-4967-8204-2214AA998DCD}"
EndProject
Global
	GlobalSection(SolutionConfigurationPlatforms) = preSolution
		Debug|Any CPU = Debug|Any CPU
		Release|Any CPU = Release|Any CPU
	EndGlobalSection
	GlobalSection(ProjectConfigurationPlatforms) = postSolution
		{1D4B3A9E-2651-4967-8204-2214AA998DCD}.Debug|Any CPU.ActiveCfg = Debug|Any CPU
		{1D4B3A9E-2651-4967-8204-2214AA998DCD}.Debug|Any CPU.Build.0 = Debug|Any CPU
		{1D4B3A9E-2651-4967-8204-2214AA998DCD}.Release|Any CPU.ActiveCfg = Release|Any CPU
		{1D4B3A9E-2651-4967-8204-2214AA998DCD}.Release|Any CPU.Build.0 = Release|Any CPU
	EndGlobalSection
	GlobalSection(SolutionProperties) = preSolution
		HideSolutionNode = FALSE
	EndGlobalSection
	GlobalSection(ExtensibilityGlobals) = postSolution
		SolutionGuid = {1C4CDAA3-9F6B-432B-9DF5-50B99A5FA040}
	EndGlobalSection
EndGlobal
